
Microsoft Visual Studio Solution File, Format Version 12.00
# Visual Studio 2013
VisualStudioVersion = 12.0.30501.0
MinimumVisualStudioVersion = 10.0.40219.1
Project("{2150E333-8FDC-42A3-9474-1A3956D46DE8}") = "Tests", "Tests", "{3141C5D2-A2F6-4F20-9A6F-18B4D4DC1C22}"
EndProject
Project("{FAE04EC0-301F-11D3-BF4B-00C04F79EFBC}") = "DayEasy.MarkingTool", "DayEasy.MarkingTool\DayEasy.MarkingTool.csproj", "{8938A68F-7405-48D2-A71D-46AFB9068061}"
EndProject
Project("{FAE04EC0-301F-11D3-BF4B-00C04F79EFBC}") = "DayEasy.MarkingTool.BLL", "DayEasy.MarkingTool.BLL\DayEasy.MarkingTool.BLL.csproj", "{4009E50D-BE44-40F7-89F5-D9A1046C807B}"
EndProject
Project("{FAE04EC0-301F-11D3-BF4B-00C04F79EFBC}") = "DayEasy.MarkingTool.Test", "Tests\DayEasy.MarkingTool.Test\DayEasy.MarkingTool.Test.csproj", "{3BC87FA1-E341-4AEE-B947-E3E687F8FB14}"
EndProject
Project("{FAE04EC0-301F-11D3-BF4B-00C04F79EFBC}") = "PrintPaperTemplate", "PrintPaperTemplate\PrintPaperTemplate.csproj", "{040886CA-D12F-4E89-B7B9-F64A454D1B39}"
EndProject
Project("{FAE04EC0-301F-11D3-BF4B-00C04F79EFBC}") = "Deyi.AutoUpdater", "Deyi.AutoUpdater\Deyi.AutoUpdater.csproj", "{F26ADF44-3122-49C5-8EB6-CC5E660E6620}"
EndProject
Project("{FAE04EC0-301F-11D3-BF4B-00C04F79EFBC}") = "Dayeasy.UITest", "Tests\Dayeasy.UITest\Dayeasy.UITest.csproj", "{9872349A-8E6E-4EDF-AF73-D8996AF27F9D}"
EndProject
Global
	GlobalSection(SolutionConfigurationPlatforms) = preSolution
		Debug|Any CPU = Debug|Any CPU
		Debug|Mixed Platforms = Debug|Mixed Platforms
		Debug|x64 = Debug|x64
		Debug|x86 = Debug|x86
		Release|Any CPU = Release|Any CPU
		Release|Mixed Platforms = Release|Mixed Platforms
		Release|x64 = Release|x64
		Release|x86 = Release|x86
	EndGlobalSection
	GlobalSection(ProjectConfigurationPlatforms) = postSolution
		{8938A68F-7405-48D2-A71D-46AFB9068061}.Debug|Any CPU.ActiveCfg = Debug|Any CPU
		{8938A68F-7405-48D2-A71D-46AFB9068061}.Debug|Any CPU.Build.0 = Debug|Any CPU
		{8938A68F-7405-48D2-A71D-46AFB9068061}.Debug|Mixed Platforms.ActiveCfg = Debug|Any CPU
		{8938A68F-7405-48D2-A71D-46AFB9068061}.Debug|Mixed Platforms.Build.0 = Debug|Any CPU
		{8938A68F-7405-48D2-A71D-46AFB9068061}.Debug|x64.ActiveCfg = Debug|Any CPU
		{8938A68F-7405-48D2-A71D-46AFB9068061}.Debug|x86.ActiveCfg = Debug|Any CPU
		{8938A68F-7405-48D2-A71D-46AFB9068061}.Release|Any CPU.ActiveCfg = Release|Any CPU
		{8938A68F-7405-48D2-A71D-46AFB9068061}.Release|Any CPU.Build.0 = Release|Any CPU
		{8938A68F-7405-48D2-A71D-46AFB9068061}.Release|Mixed Platforms.ActiveCfg = Release|Any CPU
		{8938A68F-7405-48D2-A71D-46AFB9068061}.Release|Mixed Platforms.Build.0 = Release|Any CPU
		{8938A68F-7405-48D2-A71D-46AFB9068061}.Release|x64.ActiveCfg = Release|Any CPU
		{8938A68F-7405-48D2-A71D-46AFB9068061}.Release|x86.ActiveCfg = Release|Any CPU
		{4009E50D-BE44-40F7-89F5-D9A1046C807B}.Debug|Any CPU.ActiveCfg = Debug|Any CPU
		{4009E50D-BE44-40F7-89F5-D9A1046C807B}.Debug|Any CPU.Build.0 = Debug|Any CPU
		{4009E50D-BE44-40F7-89F5-D9A1046C807B}.Debug|Mixed Platforms.ActiveCfg = Debug|Any CPU
		{4009E50D-BE44-40F7-89F5-D9A1046C807B}.Debug|Mixed Platforms.Build.0 = Debug|Any CPU
		{4009E50D-BE44-40F7-89F5-D9A1046C807B}.Debug|x64.ActiveCfg = Debug|Any CPU
		{4009E50D-BE44-40F7-89F5-D9A1046C807B}.Debug|x86.ActiveCfg = Debug|Any CPU
		{4009E50D-BE44-40F7-89F5-D9A1046C807B}.Release|Any CPU.ActiveCfg = Release|Any CPU
		{4009E50D-BE44-40F7-89F5-D9A1046C807B}.Release|Any CPU.Build.0 = Release|Any CPU
		{4009E50D-BE44-40F7-89F5-D9A1046C807B}.Release|Mixed Platforms.ActiveCfg = Release|Any CPU
		{4009E50D-BE44-40F7-89F5-D9A1046C807B}.Release|Mixed Platforms.Build.0 = Release|Any CPU
		{4009E50D-BE44-40F7-89F5-D9A1046C807B}.Release|x64.ActiveCfg = Release|Any CPU
		{4009E50D-BE44-40F7-89F5-D9A1046C807B}.Release|x86.ActiveCfg = Release|Any CPU
		{3BC87FA1-E341-4AEE-B947-E3E687F8FB14}.Debug|Any CPU.ActiveCfg = Debug|Any CPU
		{3BC87FA1-E341-4AEE-B947-E3E687F8FB14}.Debug|Any CPU.Build.0 = Debug|Any CPU
		{3BC87FA1-E341-4AEE-B947-E3E687F8FB14}.Debug|Mixed Platforms.ActiveCfg = Debug|Any CPU
		{3BC87FA1-E341-4AEE-B947-E3E687F8FB14}.Debug|Mixed Platforms.Build.0 = Debug|Any CPU
		{3BC87FA1-E341-4AEE-B947-E3E687F8FB14}.Debug|x64.ActiveCfg = Debug|Any CPU
		{3BC87FA1-E341-4AEE-B947-E3E687F8FB14}.Debug|x86.ActiveCfg = Debug|Any CPU
		{3BC87FA1-E341-4AEE-B947-E3E687F8FB14}.Release|Any CPU.ActiveCfg = Release|Any CPU
		{3BC87FA1-E341-4AEE-B947-E3E687F8FB14}.Release|Any CPU.Build.0 = Release|Any CPU
		{3BC87FA1-E341-4AEE-B947-E3E687F8FB14}.Release|Mixed Platforms.ActiveCfg = Release|Any CPU
		{3BC87FA1-E341-4AEE-B947-E3E687F8FB14}.Release|Mixed Platforms.Build.0 = Release|Any CPU
		{3BC87FA1-E341-4AEE-B947-E3E687F8FB14}.Release|x64.ActiveCfg = Release|Any CPU
		{3BC87FA1-E341-4AEE-B947-E3E687F8FB14}.Release|x86.ActiveCfg = Release|Any CPU
		{040886CA-D12F-4E89-B7B9-F64A454D1B39}.Debug|Any CPU.ActiveCfg = Debug|Any CPU
		{040886CA-D12F-4E89-B7B9-F64A454D1B39}.Debug|Any CPU.Build.0 = Debug|Any CPU
		{040886CA-D12F-4E89-B7B9-F64A454D1B39}.Debug|Mixed Platforms.ActiveCfg = Debug|Any CPU
		{040886CA-D12F-4E89-B7B9-F64A454D1B39}.Debug|Mixed Platforms.Build.0 = Debug|Any CPU
		{040886CA-D12F-4E89-B7B9-F64A454D1B39}.Debug|x64.ActiveCfg = Debug|Any CPU
		{040886CA-D12F-4E89-B7B9-F64A454D1B39}.Debug|x86.ActiveCfg = Debug|Any CPU
		{040886CA-D12F-4E89-B7B9-F64A454D1B39}.Release|Any CPU.ActiveCfg = Release|Any CPU
		{040886CA-D12F-4E89-B7B9-F64A454D1B39}.Release|Any CPU.Build.0 = Release|Any CPU
		{040886CA-D12F-4E89-B7B9-F64A454D1B39}.Release|Mixed Platforms.ActiveCfg = Release|Any CPU
		{040886CA-D12F-4E89-B7B9-F64A454D1B39}.Release|Mixed Platforms.Build.0 = Release|Any CPU
		{040886CA-D12F-4E89-B7B9-F64A454D1B39}.Release|x64.ActiveCfg = Release|Any CPU
		{040886CA-D12F-4E89-B7B9-F64A454D1B39}.Release|x86.ActiveCfg = Release|Any CPU
		{F26ADF44-3122-49C5-8EB6-CC5E660E6620}.Debug|Any CPU.ActiveCfg = Debug|Any CPU
		{F26ADF44-3122-49C5-8EB6-CC5E660E6620}.Debug|Any CPU.Build.0 = Debug|Any CPU
		{F26ADF44-3122-49C5-8EB6-CC5E660E6620}.Debug|Mixed Platforms.ActiveCfg = Debug|Any CPU
		{F26ADF44-3122-49C5-8EB6-CC5E660E6620}.Debug|Mixed Platforms.Build.0 = Debug|Any CPU
		{F26ADF44-3122-49C5-8EB6-CC5E660E6620}.Debug|x64.ActiveCfg = Debug|Any CPU
		{F26ADF44-3122-49C5-8EB6-CC5E660E6620}.Debug|x86.ActiveCfg = Debug|Any CPU
		{F26ADF44-3122-49C5-8EB6-CC5E660E6620}.Release|Any CPU.ActiveCfg = Release|Any CPU
		{F26ADF44-3122-49C5-8EB6-CC5E660E6620}.Release|Any CPU.Build.0 = Release|Any CPU
		{F26ADF44-3122-49C5-8EB6-CC5E660E6620}.Release|Mixed Platforms.ActiveCfg = Release|Any CPU
		{F26ADF44-3122-49C5-8EB6-CC5E660E6620}.Release|Mixed Platforms.Build.0 = Release|Any CPU
		{F26ADF44-3122-49C5-8EB6-CC5E660E6620}.Release|x64.ActiveCfg = Release|Any CPU
		{F26ADF44-3122-49C5-8EB6-CC5E660E6620}.Release|x86.ActiveCfg = Release|Any CPU
		{9872349A-8E6E-4EDF-AF73-D8996AF27F9D}.Debug|Any CPU.ActiveCfg = Debug|Any CPU
		{9872349A-8E6E-4EDF-AF73-D8996AF27F9D}.Debug|Any CPU.Build.0 = Debug|Any CPU
		{9872349A-8E6E-4EDF-AF73-D8996AF27F9D}.Debug|Mixed Platforms.ActiveCfg = Debug|Any CPU
		{9872349A-8E6E-4EDF-AF73-D8996AF27F9D}.Debug|Mixed Platforms.Build.0 = Debug|Any CPU
		{9872349A-8E6E-4EDF-AF73-D8996AF27F9D}.Debug|x64.ActiveCfg = Debug|Any CPU
		{9872349A-8E6E-4EDF-AF73-D8996AF27F9D}.Debug|x86.ActiveCfg = Debug|Any CPU
		{9872349A-8E6E-4EDF-AF73-D8996AF27F9D}.Release|Any CPU.ActiveCfg = Release|Any CPU
		{9872349A-8E6E-4EDF-AF73-D8996AF27F9D}.Release|Any CPU.Build.0 = Release|Any CPU
		{9872349A-8E6E-4EDF-AF73-D8996AF27F9D}.Release|Mixed Platforms.ActiveCfg = Release|Any CPU
		{9872349A-8E6E-4EDF-AF73-D8996AF27F9D}.Release|Mixed Platforms.Build.0 = Release|Any CPU
		{9872349A-8E6E-4EDF-AF73-D8996AF27F9D}.Release|x64.ActiveCfg = Release|Any CPU
		{9872349A-8E6E-4EDF-AF73-D8996AF27F9D}.Release|x86.ActiveCfg = Release|Any CPU
	EndGlobalSection
	GlobalSection(SolutionProperties) = preSolution
		HideSolutionNode = FALSE
	EndGlobalSection
	GlobalSection(NestedProjects) = preSolution
		{3BC87FA1-E341-4AEE-B947-E3E687F8FB14} = {3141C5D2-A2F6-4F20-9A6F-18B4D4DC1C22}
		{9872349A-8E6E-4EDF-AF73-D8996AF27F9D} = {3141C5D2-A2F6-4F20-9A6F-18B4D4DC1C22}
	EndGlobalSection
EndGlobal
